
Microsoft Visual Studio Solution File, Format Version 12.00
# Visual Studio Version 17
VisualStudioVersion = 17.4.33213.308
MinimumVisualStudioVersion = 10.0.40219.1
Project("{FAE04EC0-301F-11D3-BF4B-00C04F79EFBC}") = "WEBAPP", "WEBAPP\WEBAPP.csproj", "{DAF11DBA-7C2C-45FC-AE61-7AD8B30EB538}"
EndProject
Global
	GlobalSection(SolutionConfigurationPlatforms) = preSolution
		Debug|Any CPU = Debug|Any CPU
		Release|Any CPU = Release|Any CPU
	EndGlobalSection
	GlobalSection(ProjectConfigurationPlatforms) = postSolution
		{DAF11DBA-7C2C-45FC-AE61-7AD8B30EB538}.Debug|Any CPU.ActiveCfg = Debug|Any CPU
		{DAF11DBA-7C2C-45FC-AE61-7AD8B30EB538}.Debug|Any CPU.Build.0 = Debug|Any CPU
		{DAF11DBA-7C2C-45FC-AE61-7AD8B30EB538}.Release|Any CPU.ActiveCfg = Release|Any CPU
		{DAF11DBA-7C2C-45FC-AE61-7AD8B30EB538}.Release|Any CPU.Build.0 = Release|Any CPU
	EndGlobalSection
	GlobalSection(SolutionProperties) = preSolution
		HideSolutionNode = FALSE
	EndGlobalSection
	GlobalSection(ExtensibilityGlobals) = postSolution
		SolutionGuid = {FF9673BE-73DF-4F03-BD0F-39F3BD37ACEE}
	EndGlobalSection
EndGlobal
